[[package]]
name = "byteorder"
version = "1.3.1"
source = "registry+https://github.com/rust-lang/crates.io-index"

[[package]]
name = "memory_units"
version = "0.3.0"
source = "registry+https://github.com/rust-lang/crates.io-index"

[[package]]
name = "parity-wasm"
version = "0.31.3"
source = "registry+https://github.com/rust-lang/crates.io-index"
dependencies = [
 "byteorder 1.3.1 (registry+https://github.com/rust-lang/crates.io-index)",
]

[[package]]
name = "wasmi"
version = "0.4.3"
source = "registry+https://github.com/rust-lang/crates.io-index"
dependencies = [
 "byteorder 1.3.1 (registry+https://github.com/rust-lang/crates.io-index)",
 "memory_units 0.3.0 (registry+https://github.com/rust-lang/crates.io-index)",
 "parity-wasm 0.31.3 (registry+https://github.com/rust-lang/crates.io-index)",
]

[[package]]
name = "wasmi-string"
version = "0.1.0"
dependencies = [
 "wasmi 0.4.3 (registry+https://github.com/rust-lang/crates.io-index)",
]

[metadata]
"checksum byteorder 1.3.1 (registry+https://github.com/rust-lang/crates.io-index)" = "a019b10a2a7cdeb292db131fc8113e57ea2a908f6e7894b0c3c671893b65dbeb"
"checksum memory_units 0.3.0 (registry+https://github.com/rust-lang/crates.io-index)" = "71d96e3f3c0b6325d8ccd83c33b28acb183edcb6c67938ba104ec546854b0882"
"checksum parity-wasm 0.31.3 (registry+https://github.com/rust-lang/crates.io-index)" = "511379a8194230c2395d2f5fa627a5a7e108a9f976656ce723ae68fca4097bfc"
"checksum wasmi 0.4.3 (registry+https://github.com/rust-lang/crates.io-index)" = "21ef487a11df1ed468cf613c78798c26282da5c30e9d49f824872d4c77b47d1d"
